
Microsoft Visual Studio Solution File, Format Version 12.00
# Visual Studio Version 16
VisualStudioVersion = 16.0.29920.165
MinimumVisualStudioVersion = 10.0.40219.1
Project("{FAE04EC0-301F-11D3-BF4B-00C04F79EFBC}") = "MyServiceDemo", "MyServiceDemo\MyServiceDemo.csproj", "{7B4F1AF2-BB04-4403-8DE3-1E0B4517C5EB}"
EndProject
Project("{FAE04EC0-301F-11D3-BF4B-00C04F79EFBC}") = "MathLib", "Example02\MathLib.csproj", "{B427FB00-4A55-4FC6-A63B-ADF520A9299D}"
EndProject
Project("{FAE04EC0-301F-11D3-BF4B-00C04F79EFBC}") = "MathHost", "MathDemo\MathHost.csproj", "{DC77839E-420A-485B-967B-C4EA8527A597}"
EndProject
Project("{FAE04EC0-301F-11D3-BF4B-00C04F79EFBC}") = "MathClient", "Client\MathClient.csproj", "{25989947-9E99-4B1F-9EE0-0ED95A59288B}"
EndProject
Project("{2150E333-8FDC-42A3-9474-1A3956D46DE8}") = "WCF_02", "WCF_02", "{EE688B6E-6599-43E8-B421-F73FE7DBE6F0}"
EndProject
Project("{FAE04EC0-301F-11D3-BF4B-00C04F79EFBC}") = "MyGameLib", "MyGameLib\MyGameLib.csproj", "{A5669F7D-1C2D-4A29-8F58-ED648D4B3E99}"
EndProject
Project("{2150E333-8FDC-42A3-9474-1A3956D46DE8}") = "WCF_01", "WCF_01", "{2C473125-B82C-433B-B42A-D3F7FE88DB20}"
EndProject
Project("{FAE04EC0-301F-11D3-BF4B-00C04F79EFBC}") = "MyGameHost", "MyGameHost\MyGameHost.csproj", "{2E4F7547-F8AF-4908-B3F7-258A094AAAFA}"
EndProject
Project("{FAE04EC0-301F-11D3-BF4B-00C04F79EFBC}") = "MyGameDemo", "MyGameDemo\MyGameDemo.csproj", "{067883FF-189E-4DA9-97FD-8E61DD091A15}"
EndProject
Global
	GlobalSection(SolutionConfigurationPlatforms) = preSolution
		Debug|Any CPU = Debug|Any CPU
		Release|Any CPU = Release|Any CPU
	EndGlobalSection
	GlobalSection(ProjectConfigurationPlatforms) = postSolution
		{7B4F1AF2-BB04-4403-8DE3-1E0B4517C5EB}.Debug|Any CPU.ActiveCfg = Debug|Any CPU
		{7B4F1AF2-BB04-4403-8DE3-1E0B4517C5EB}.Debug|Any CPU.Build.0 = Debug|Any CPU
		{7B4F1AF2-BB04-4403-8DE3-1E0B4517C5EB}.Release|Any CPU.ActiveCfg = Release|Any CPU
		{7B4F1AF2-BB04-4403-8DE3-1E0B4517C5EB}.Release|Any CPU.Build.0 = Release|Any CPU
		{B427FB00-4A55-4FC6-A63B-ADF520A9299D}.Debug|Any CPU.ActiveCfg = Debug|Any CPU
		{B427FB00-4A55-4FC6-A63B-ADF520A9299D}.Debug|Any CPU.Build.0 = Debug|Any CPU
		{B427FB00-4A55-4FC6-A63B-ADF520A9299D}.Release|Any CPU.ActiveCfg = Release|Any CPU
		{B427FB00-4A55-4FC6-A63B-ADF520A9299D}.Release|Any CPU.Build.0 = Release|Any CPU
		{DC77839E-420A-485B-967B-C4EA8527A597}.Debug|Any CPU.ActiveCfg = Debug|Any CPU
		{DC77839E-420A-485B-967B-C4EA8527A597}.Debug|Any CPU.Build.0 = Debug|Any CPU
		{DC77839E-420A-485B-967B-C4EA8527A597}.Release|Any CPU.ActiveCfg = Release|Any CPU
		{DC77839E-420A-485B-967B-C4EA8527A597}.Release|Any CPU.Build.0 = Release|Any CPU
		{25989947-9E99-4B1F-9EE0-0ED95A59288B}.Debug|Any CPU.ActiveCfg = Debug|Any CPU
		{25989947-9E99-4B1F-9EE0-0ED95A59288B}.Debug|Any CPU.Build.0 = Debug|Any CPU
		{25989947-9E99-4B1F-9EE0-0ED95A59288B}.Release|Any CPU.ActiveCfg = Release|Any CPU
		{25989947-9E99-4B1F-9EE0-0ED95A59288B}.Release|Any CPU.Build.0 = Release|Any CPU
		{A5669F7D-1C2D-4A29-8F58-ED648D4B3E99}.Debug|Any CPU.ActiveCfg = Debug|Any CPU
		{A5669F7D-1C2D-4A29-8F58-ED648D4B3E99}.Debug|Any CPU.Build.0 = Debug|Any CPU
		{A5669F7D-1C2D-4A29-8F58-ED648D4B3E99}.Release|Any CPU.ActiveCfg = Release|Any CPU
		{A5669F7D-1C2D-4A29-8F58-ED648D4B3E99}.Release|Any CPU.Build.0 = Release|Any CPU
		{2E4F7547-F8AF-4908-B3F7-258A094AAAFA}.Debug|Any CPU.ActiveCfg = Debug|Any CPU
		{2E4F7547-F8AF-4908-B3F7-258A094AAAFA}.Debug|Any CPU.Build.0 = Debug|Any CPU
		{2E4F7547-F8AF-4908-B3F7-258A094AAAFA}.Release|Any CPU.ActiveCfg = Release|Any CPU
		{2E4F7547-F8AF-4908-B3F7-258A094AAAFA}.Release|Any CPU.Build.0 = Release|Any CPU
		{067883FF-189E-4DA9-97FD-8E61DD091A15}.Debug|Any CPU.ActiveCfg = Debug|Any CPU
		{067883FF-189E-4DA9-97FD-8E61DD091A15}.Debug|Any CPU.Build.0 = Debug|Any CPU
		{067883FF-189E-4DA9-97FD-8E61DD091A15}.Release|Any CPU.ActiveCfg = Release|Any CPU
		{067883FF-189E-4DA9-97FD-8E61DD091A15}.Release|Any CPU.Build.0 = Release|Any CPU
	EndGlobalSection
	GlobalSection(SolutionProperties) = preSolution
		HideSolutionNode = FALSE
	EndGlobalSection
	GlobalSection(NestedProjects) = preSolution
		{7B4F1AF2-BB04-4403-8DE3-1E0B4517C5EB} = {2C473125-B82C-433B-B42A-D3F7FE88DB20}
		{B427FB00-4A55-4FC6-A63B-ADF520A9299D} = {2C473125-B82C-433B-B42A-D3F7FE88DB20}
		{DC77839E-420A-485B-967B-C4EA8527A597} = {2C473125-B82C-433B-B42A-D3F7FE88DB20}
		{25989947-9E99-4B1F-9EE0-0ED95A59288B} = {2C473125-B82C-433B-B42A-D3F7FE88DB20}
		{A5669F7D-1C2D-4A29-8F58-ED648D4B3E99} = {EE688B6E-6599-43E8-B421-F73FE7DBE6F0}
		{2E4F7547-F8AF-4908-B3F7-258A094AAAFA} = {EE688B6E-6599-43E8-B421-F73FE7DBE6F0}
		{067883FF-189E-4DA9-97FD-8E61DD091A15} = {EE688B6E-6599-43E8-B421-F73FE7DBE6F0}
	EndGlobalSection
	GlobalSection(ExtensibilityGlobals) = postSolution
		SolutionGuid = {8802392D-0C02-4164-B026-42F148E2DF7B}
	EndGlobalSection
EndGlobal
